# This file is automatically @generated by Cargo.
# It is not intended for manual editing.
version = 3

[[package]]
name = "lazy_static"
version = "1.5.0"
source = "git+https://github.com/Kimundi/lazy-static.rs#e83d66490775eb953807c39d1f073a6daa3bc760"

[[package]]
name = "rust-toc"
version = "0.1.0"
dependencies = [
 "lazy_static",
 "unicode-segmentation",
]

[[package]]
name = "unicode-segmentation"
version = "1.10.0"
source = "registry+https://github.com/rust-lang/crates.io-index"
checksum = "0fdbf052a0783de01e944a6ce7a8cb939e295b1e7be835a1112c3b9a7f047a5a"
